<Solution>
  <Folder Name="/src/">
    <Project Path="src/CloudEmuera.Debugging.Contracts/CloudEmuera.Debugging.Contracts.csproj" />
    <Project Path="src/CloudEmuera.Debugger/CloudEmuera.Debugger.csproj" />
    <Project Path="src/CloudEmuera.Api/CloudEmuera.Api.csproj" />
    <Project Path="src/CloudEmuera.Application/CloudEmuera.Application.csproj" />
    <Project Path="src/CloudEmuera.Contracts/CloudEmuera.Contracts.csproj" />
    <Project Path="src/CloudEmuera.Domain/CloudEmuera.Domain.csproj" />
    <Project Path="src/CloudEmuera.EmueraRuntime/CloudEmuera.EmueraRuntime.csproj" />
    <Project Path="src/CloudEmuera.EmueraRuntime/UpstreamHeadless/CloudEmuera.EmueraRuntime.UpstreamHeadless.csproj" />
    <Project Path="src/CloudEmuera.Infrastructure/CloudEmuera.Infrastructure.csproj" />
    <Project Path="src/CloudEmuera.Ipc/CloudEmuera.Ipc.csproj" />
    <Project Path="src/CloudEmuera.Migrator/CloudEmuera.Migrator.csproj" />
    <Project Path="src/CloudEmuera.Realtime/CloudEmuera.Realtime.csproj" />
    <Project Path="src/CloudEmuera.RuntimeAdapter/CloudEmuera.RuntimeAdapter.csproj" />
    <Project Path="src/CloudEmuera.Validator/CloudEmuera.Validator.csproj" />
    <Project Path="src/CloudEmuera.Worker/CloudEmuera.Worker.csproj" />
  </Folder>
  <Folder Name="/tests/">
    <Project Path="tests/CloudEmuera.Debugging.Tests/CloudEmuera.Debugging.Tests.csproj" />
    <Project Path="tests/CloudEmuera.Domain.Tests/CloudEmuera.Domain.Tests.csproj" />
    <Project Path="tests/CloudEmuera.Ipc.ContractTests/CloudEmuera.Ipc.ContractTests.csproj" />
    <Project Path="tests/CloudEmuera.RuntimeCompatibility.Tests/CloudEmuera.RuntimeCompatibility.Tests.csproj" />
    <Project Path="tests/CloudEmuera.RuntimeAdapter.Tests/CloudEmuera.RuntimeAdapter.Tests.csproj" />
    <Project Path="tests/CloudEmuera.Worker.IntegrationTests/CloudEmuera.Worker.IntegrationTests.csproj" />
    <Project Path="tests/CloudEmuera.Infrastructure.Tests/CloudEmuera.Infrastructure.Tests.csproj" />
    <Project Path="tests/CloudEmuera.Application.Tests/CloudEmuera.Application.Tests.csproj" />
    <Project Path="tests/CloudEmuera.Api.IntegrationTests/CloudEmuera.Api.IntegrationTests.csproj" />
    <Project Path="tests/CloudEmuera.GamePackages.Tests/CloudEmuera.GamePackages.Tests.csproj" />
    <Project Path="tests/CloudEmuera.Realtime.Tests/CloudEmuera.Realtime.Tests.csproj" />
  </Folder>
</Solution>
