{
  "version": 2,
  "dependencies": {
    "net10.0": {
      "Microsoft.Win32.SystemEvents": {
        "type": "Transitive",
        "resolved": "6.0.0",
        "contentHash": "hqTM5628jSsQiv+HGpiq3WKBl2c8v1KZfby2J6Pr7pEPlK9waPdgEO6b8A/+/xn/yZ9ulv8HuqK71ONy2tg67A=="
      },
      "SkiaSharp.NativeAssets.macOS": {
        "type": "Transitive",
        "resolved": "4.151.1",
        "contentHash": "nLXwdhi0oB7pqqNLbSOLX+FIZQOMAU/yFPspzcDTJjTmPbMWyp0JWyeVj8sFJ/cweurEfT0J/lvfgdXX2EFHXA=="
      },
      "SkiaSharp.NativeAssets.Win32": {
        "type": "Transitive",
        "resolved": "4.151.1",
        "contentHash": "G+nln30ZX2ZuhH+ungf6x/QMXCje38KTS0VTfQeMyeY8uyMBmsZwFz2D30ZxUjZqsVbEIcaC2bsYF65876s4Yg=="
      },
      "cloudemuera.emueraruntime": {
        "type": "Project",
        "dependencies": {
          "CloudEmuera.EmueraRuntime.UpstreamHeadless": "[1.0.0, )",
          "CloudEmuera.RuntimeAdapter": "[1.0.0, )"
        }
      },
      "cloudemuera.emueraruntime.upstreamheadless": {
        "type": "Project",
        "dependencies": {
          "CloudEmuera.RuntimeAdapter": "[1.0.0, )",
          "Enums.NET": "[4.0.2, )",
          "SkiaSharp": "[4.151.1, )",
          "SkiaSharp.NativeAssets.Linux": "[4.151.1, )",
          "System.Drawing.Common": "[6.0.0, )"
        }
      },
      "cloudemuera.runtimeadapter": {
        "type": "Project"
      },
      "Enums.NET": {
        "type": "CentralTransitive",
        "requested": "[4.0.2, )",
        "resolved": "4.0.2",
        "contentHash": "Nwa4XxZ7fsuh9SpMiLUXmFT+NntALGXEvufLaQT+A0bQUH5ToNTtG0QDCoCiChdhp+4F/rtwyxpoJSgDmObIXg=="
      },
      "SkiaSharp": {
        "type": "CentralTransitive",
        "requested": "[4.151.1, )",
        "resolved": "4.151.1",
        "contentHash": "FNlVsGZ9to3o9pObVqhIZanHjUGOoPb/Zxk5svCSLMJnKwxPKV7sIJrjs9BpB/jF3j9OdsaMOb4cfwSJbjueSw==",
        "dependencies": {
          "SkiaSharp.NativeAssets.Win32": "4.151.1",
          "SkiaSharp.NativeAssets.macOS": "4.151.1"
        }
      },
      "SkiaSharp.NativeAssets.Linux": {
        "type": "CentralTransitive",
        "requested": "[4.151.1, )",
        "resolved": "4.151.1",
        "contentHash": "4FM5fSV6W3nMOeawrxkgu3sf3uWUfQEizZ+ww6kcByf9XERiSbZftf5dyJxOUFDLcrtj9aslN2Jb7uZsO/lfWw=="
      },
      "System.Drawing.Common": {
        "type": "CentralTransitive",
        "requested": "[6.0.0, )",
        "resolved": "6.0.0",
        "contentHash": "NfuoKUiP2nUWwKZN6twGqXioIe1zVD0RIj2t976A+czLHr2nY454RwwXs6JU9Htc6mwqL6Dn/nEL3dpVf2jOhg==",
        "dependencies": {
          "Microsoft.Win32.SystemEvents": "6.0.0"
        }
      }
    }
  }
}